
Microsoft Visual Studio Solution File, Format Version 12.00
# Visual Studio Version 17
VisualStudioVersion = 17.5.33414.496
MinimumVisualStudioVersion = 10.0.40219.1
Project("{FAE04EC0-301F-11D3-BF4B-00C04F79EFBC}") = "Akinsoft.PasswordManager", "Akinsoft.PasswordManager\Akinsoft.PasswordManager.csproj", "{24F2A73C-9905-426D-9679-DE52ECEA3E03}"
EndProject
Global
	GlobalSection(SolutionConfigurationPlatforms) = preSolution
		Debug|Any CPU = Debug|Any CPU
		Release|Any CPU = Release|Any CPU
	EndGlobalSection
	GlobalSection(ProjectConfigurationPlatforms) = postSolution
		{24F2A73C-9905-426D-9679-DE52ECEA3E03}.Debug|Any CPU.ActiveCfg = Debug|Any CPU
		{24F2A73C-9905-426D-9679-DE52ECEA3E03}.Debug|Any CPU.Build.0 = Debug|Any CPU
		{24F2A73C-9905-426D-9679-DE52ECEA3E03}.Release|Any CPU.ActiveCfg = Release|Any CPU
		{24F2A73C-9905-426D-9679-DE52ECEA3E03}.Release|Any CPU.Build.0 = Release|Any CPU
	EndGlobalSection
	GlobalSection(SolutionProperties) = preSolution
		HideSolutionNode = FALSE
	EndGlobalSection
	GlobalSection(ExtensibilityGlobals) = postSolution
		SolutionGuid = {CEB63316-15BB-48EC-83BF-EC20B08C5283}
	EndGlobalSection
EndGlobal
